
Microsoft Visual Studio Solution File, Format Version 12.00
# Visual Studio Version 16
VisualStudioVersion = 16.0.30711.63
MinimumVisualStudioVersion = 10.0.40219.1
Project("{FAE04EC0-301F-11D3-BF4B-00C04F79EFBC}") = "Programa3P", "Programa3P.csproj", "{669D3875-5F22-4781-804C-5F15B71234DF}"
EndProject
Global
	GlobalSection(SolutionConfigurationPlatforms) = preSolution
		Debug|Any CPU = Debug|Any CPU
		Release|Any CPU = Release|Any CPU
	EndGlobalSection
	GlobalSection(ProjectConfigurationPlatforms) = postSolution
		{669D3875-5F22-4781-804C-5F15B71234DF}.Debug|Any CPU.ActiveCfg = Debug|Any CPU
		{669D3875-5F22-4781-804C-5F15B71234DF}.Debug|Any CPU.Build.0 = Debug|Any CPU
		{669D3875-5F22-4781-804C-5F15B71234DF}.Release|Any CPU.ActiveCfg = Release|Any CPU
		{669D3875-5F22-4781-804C-5F15B71234DF}.Release|Any CPU.Build.0 = Release|Any CPU
	EndGlobalSection
	GlobalSection(SolutionProperties) = preSolution
		HideSolutionNode = FALSE
	EndGlobalSection
	GlobalSection(ExtensibilityGlobals) = postSolution
		SolutionGuid = {746E3D2D-79E6-4871-A887-3F2FF2AAA44C}
	EndGlobalSection
EndGlobal
